{
  "name": "examples",
  "lockfileVersion": 3,
  "requires": true,
  "packages": {
    "": {
      "dependencies": {
        "wallet-monitor": "file:../"
      }
    },
    "..": {
      "version": "0.0.1",
      "license": "MIT",
      "dependencies": {
        "@certusone/wormhole-sdk": "^0.9.11",
        "@types/node": "^18.15.5",
        "ethers": "^5.7.0"
      }
    },
    "node_modules/wallet-monitor": {
      "resolved": "..",
      "link": true
    }
  }
}
